// !$*UTF8*$!
{
	archiveVersion = 1;
	classes = {
	};
	objectVersion = 56;
	objects = {

/* Begin PBXBuildFile section */
		11258DD9299A3F0D00391BDC /* OrderButton.swift in Sources */ = {isa = PBXBuildFile; fileRef = 11258DD8299A3F0D00391BDC /* OrderButton.swift */; };
		11258DDB299A3F6100391BDC /* OrderButton+ViewModel.swift in Sources */ = {isa = PBXBuildFile; fileRef = 11258DDA299A3F6100391BDC /* OrderButton+ViewModel.swift */; };
		11258DDD299A402500391BDC /* OrderButtonViewModelTests.swift in Sources */ = {isa = PBXBuildFile; fileRef = 11258DDC299A402500391BDC /* OrderButtonViewModelTests.swift */; };
		11258DDF299A41F400391BDC /* Color+Custom.swift in Sources */ = {isa = PBXBuildFile; fileRef = 11258DDE299A41F400391BDC /* Color+Custom.swift */; };
		11258DE1299A42A600391BDC /* OrderDetail.swift in Sources */ = {isa = PBXBuildFile; fileRef = 11258DE0299A42A600391BDC /* OrderDetail.swift */; };
		11258DE3299A42CF00391BDC /* OrderDetail+ViewModel.swift in Sources */ = {isa = PBXBuildFile; fileRef = 11258DE2299A42CF00391BDC /* OrderDetail+ViewModel.swift */; };
		11258DE5299A444700391BDC /* OrderDetailViewModelTests.swift in Sources */ = {isa = PBXBuildFile; fileRef = 11258DE4299A444700391BDC /* OrderDetailViewModelTests.swift */; };
		113C353329979519009D9010 /* TDD_In_SwiftApp.swift in Sources */ = {isa = PBXBuildFile; fileRef = 113C353229979519009D9010 /* TDD_In_SwiftApp.swift */; };
		113C35372997951B009D9010 /* Assets.xcassets in Resources */ = {isa = PBXBuildFile; fileRef = 113C35362997951B009D9010 /* Assets.xcassets */; };
		113C353A2997951B009D9010 /* Preview Assets.xcassets in Resources */ = {isa = PBXBuildFile; fileRef = 113C35392997951B009D9010 /* Preview Assets.xcassets */; };
		113C35442997951B009D9010 /* MenuGroupingTests.swift in Sources */ = {isa = PBXBuildFile; fileRef = 113C35432997951B009D9010 /* MenuGroupingTests.swift */; };
		113C355D29979805009D9010 /* MenuItem.swift in Sources */ = {isa = PBXBuildFile; fileRef = 113C355C29979805009D9010 /* MenuItem.swift */; };
		113C355F29979829009D9010 /* MenuSection.swift in Sources */ = {isa = PBXBuildFile; fileRef = 113C355E29979829009D9010 /* MenuSection.swift */; };
		113C356129979F72009D9010 /* Collection+Safe.swift in Sources */ = {isa = PBXBuildFile; fileRef = 113C356029979F72009D9010 /* Collection+Safe.swift */; };
		113C35632997AAC3009D9010 /* MenuList.swift in Sources */ = {isa = PBXBuildFile; fileRef = 113C35622997AAC3009D9010 /* MenuList.swift */; };
		113C35652997BF31009D9010 /* MenuItem+Fixture.swift in Sources */ = {isa = PBXBuildFile; fileRef = 113C35642997BF31009D9010 /* MenuItem+Fixture.swift */; };
		113C35672997C2FA009D9010 /* MenuSection+Fixture.swift in Sources */ = {isa = PBXBuildFile; fileRef = 113C35662997C2FA009D9010 /* MenuSection+Fixture.swift */; };
		113C35692997C3E9009D9010 /* MenuRowViewModelTests.swift in Sources */ = {isa = PBXBuildFile; fileRef = 113C35682997C3E9009D9010 /* MenuRowViewModelTests.swift */; };
		113C356B2997C4B9009D9010 /* MenuRow.swift in Sources */ = {isa = PBXBuildFile; fileRef = 113C356A2997C4B9009D9010 /* MenuRow.swift */; };
		113C35702997C561009D9010 /* MenuRow+ViewModel.swift in Sources */ = {isa = PBXBuildFile; fileRef = 113C356F2997C561009D9010 /* MenuRow+ViewModel.swift */; };
		113C35732997C950009D9010 /* MenuListViewModelTests.swift in Sources */ = {isa = PBXBuildFile; fileRef = 113C35722997C950009D9010 /* MenuListViewModelTests.swift */; };
		113C35752997CB45009D9010 /* MenuList+ViewModel.swift in Sources */ = {isa = PBXBuildFile; fileRef = 113C35742997CB45009D9010 /* MenuList+ViewModel.swift */; };
		113C35782997D0C8009D9010 /* MenuFetching.swift in Sources */ = {isa = PBXBuildFile; fileRef = 113C35772997D0C8009D9010 /* MenuFetching.swift */; };
		113C357C2997D8D8009D9010 /* MenuFetchingStub.swift in Sources */ = {isa = PBXBuildFile; fileRef = 113C357B2997D8D8009D9010 /* MenuFetchingStub.swift */; };
		113C357E2997DC9A009D9010 /* TestError.swift in Sources */ = {isa = PBXBuildFile; fileRef = 113C357D2997DC9A009D9010 /* TestError.swift */; };
		113C35802997E659009D9010 /* MenuItemTests.swift in Sources */ = {isa = PBXBuildFile; fileRef = 113C357F2997E659009D9010 /* MenuItemTests.swift */; };
		113C35842997E8FA009D9010 /* MenuFetcherTests.swift in Sources */ = {isa = PBXBuildFile; fileRef = 113C35832997E8FA009D9010 /* MenuFetcherTests.swift */; };
		113C35862997E97C009D9010 /* MenuFetcher.swift in Sources */ = {isa = PBXBuildFile; fileRef = 113C35852997E97C009D9010 /* MenuFetcher.swift */; };
		113C35892997EB8C009D9010 /* NetworkFetching.swift in Sources */ = {isa = PBXBuildFile; fileRef = 113C35882997EB8C009D9010 /* NetworkFetching.swift */; };
		113C358B2997EC00009D9010 /* URLSession+NetworkFetching.swift in Sources */ = {isa = PBXBuildFile; fileRef = 113C358A2997EC00009D9010 /* URLSession+NetworkFetching.swift */; };
		113C358E2997ECE6009D9010 /* NetworkFetchingStub.swift in Sources */ = {isa = PBXBuildFile; fileRef = 113C358D2997ECE6009D9010 /* NetworkFetchingStub.swift */; };
		113C35902998E4B6009D9010 /* Order.swift in Sources */ = {isa = PBXBuildFile; fileRef = 113C358F2998E4B6009D9010 /* Order.swift */; };
		113C35932998E506009D9010 /* OrderController.swift in Sources */ = {isa = PBXBuildFile; fileRef = 113C35922998E506009D9010 /* OrderController.swift */; };
		116A2078299920CC00AF7394 /* MenuItemDetailTests.swift in Sources */ = {isa = PBXBuildFile; fileRef = 116A2077299920CC00AF7394 /* MenuItemDetailTests.swift */; };
		116A207A299924B800AF7394 /* OrderControllerTests.swift in Sources */ = {isa = PBXBuildFile; fileRef = 116A2079299924B800AF7394 /* OrderControllerTests.swift */; };
		116A207C2999357900AF7394 /* MenuItemDetail.swift in Sources */ = {isa = PBXBuildFile; fileRef = 116A207B2999357900AF7394 /* MenuItemDetail.swift */; };
		116A207E299935A300AF7394 /* MenuItemDetail+ViewModel.swift in Sources */ = {isa = PBXBuildFile; fileRef = 116A207D299935A300AF7394 /* MenuItemDetail+ViewModel.swift */; };
/* End PBXBuildFile section */

/* Begin PBXContainerItemProxy section */
		113C35402997951B009D9010 /* PBXContainerItemProxy */ = {
			isa = PBXContainerItemProxy;
			containerPortal = 113C352729979519009D9010 /* Project object */;
			proxyType = 1;
			remoteGlobalIDString = 113C352E29979519009D9010;
			remoteInfo = "TDD-In-Swift";
		};
/* End PBXContainerItemProxy section */

/* Begin PBXFileReference section */
		11258DD8299A3F0D00391BDC /* OrderButton.swift */ = {isa = PBXFileReference; lastKnownFileType = sourcecode.swift; path = OrderButton.swift; sourceTree = "<group>"; };
		11258DDA299A3F6100391BDC /* OrderButton+ViewModel.swift */ = {isa = PBXFileReference; lastKnownFileType = sourcecode.swift; path = "OrderButton+ViewModel.swift"; sourceTree = "<group>"; };
		11258DDC299A402500391BDC /* OrderButtonViewModelTests.swift */ = {isa = PBXFileReference; lastKnownFileType = sourcecode.swift; path = OrderButtonViewModelTests.swift; sourceTree = "<group>"; };
		11258DDE299A41F400391BDC /* Color+Custom.swift */ = {isa = PBXFileReference; lastKnownFileType = sourcecode.swift; path = "Color+Custom.swift"; sourceTree = "<group>"; };
		11258DE0299A42A600391BDC /* OrderDetail.swift */ = {isa = PBXFileReference; lastKnownFileType = sourcecode.swift; path = OrderDetail.swift; sourceTree = "<group>"; };
		11258DE2299A42CF00391BDC /* OrderDetail+ViewModel.swift */ = {isa = PBXFileReference; lastKnownFileType = sourcecode.swift; path = "OrderDetail+ViewModel.swift"; sourceTree = "<group>"; };
		11258DE4299A444700391BDC /* OrderDetailViewModelTests.swift */ = {isa = PBXFileReference; lastKnownFileType = sourcecode.swift; path = OrderDetailViewModelTests.swift; sourceTree = "<group>"; };
		113C352F29979519009D9010 /* TDD-In-Swift.app */ = {isa = PBXFileReference; explicitFileType = wrapper.application; includeInIndex = 0; path = "TDD-In-Swift.app"; sourceTree = BUILT_PRODUCTS_DIR; };
		113C353229979519009D9010 /* TDD_In_SwiftApp.swift */ = {isa = PBXFileReference; lastKnownFileType = sourcecode.swift; path = TDD_In_SwiftApp.swift; sourceTree = "<group>"; };
		113C35362997951B009D9010 /* Assets.xcassets */ = {isa = PBXFileReference; lastKnownFileType = folder.assetcatalog; path = Assets.xcassets; sourceTree = "<group>"; };
		113C35392997951B009D9010 /* Preview Assets.xcassets */ = {isa = PBXFileReference; lastKnownFileType = folder.assetcatalog; path = "Preview Assets.xcassets"; sourceTree = "<group>"; };
		113C353F2997951B009D9010 /* TDD-In-SwiftTests.xctest */ = {isa = PBXFileReference; explicitFileType = wrapper.cfbundle; includeInIndex = 0; path = "TDD-In-SwiftTests.xctest"; sourceTree = BUILT_PRODUCTS_DIR; };
		113C35432997951B009D9010 /* MenuGroupingTests.swift */ = {isa = PBXFileReference; lastKnownFileType = sourcecode.swift; path = MenuGroupingTests.swift; sourceTree = "<group>"; };
		113C355C29979805009D9010 /* MenuItem.swift */ = {isa = PBXFileReference; lastKnownFileType = sourcecode.swift; path = MenuItem.swift; sourceTree = "<group>"; };
		113C355E29979829009D9010 /* MenuSection.swift */ = {isa = PBXFileReference; lastKnownFileType = sourcecode.swift; path = MenuSection.swift; sourceTree = "<group>"; };
		113C356029979F72009D9010 /* Collection+Safe.swift */ = {isa = PBXFileReference; lastKnownFileType = sourcecode.swift; path = "Collection+Safe.swift"; sourceTree = "<group>"; };
		113C35622997AAC3009D9010 /* MenuList.swift */ = {isa = PBXFileReference; lastKnownFileType = sourcecode.swift; path = MenuList.swift; sourceTree = "<group>"; };
		113C35642997BF31009D9010 /* MenuItem+Fixture.swift */ = {isa = PBXFileReference; lastKnownFileType = sourcecode.swift; path = "MenuItem+Fixture.swift"; sourceTree = "<group>"; };
		113C35662997C2FA009D9010 /* MenuSection+Fixture.swift */ = {isa = PBXFileReference; lastKnownFileType = sourcecode.swift; path = "MenuSection+Fixture.swift"; sourceTree = "<group>"; };
		113C35682997C3E9009D9010 /* MenuRowViewModelTests.swift */ = {isa = PBXFileReference; lastKnownFileType = sourcecode.swift; path = MenuRowViewModelTests.swift; sourceTree = "<group>"; };
		113C356A2997C4B9009D9010 /* MenuRow.swift */ = {isa = PBXFileReference; lastKnownFileType = sourcecode.swift; path = MenuRow.swift; sourceTree = "<group>"; };
		113C356F2997C561009D9010 /* MenuRow+ViewModel.swift */ = {isa = PBXFileReference; lastKnownFileType = sourcecode.swift; path = "MenuRow+ViewModel.swift"; sourceTree = "<group>"; };
		113C35722997C950009D9010 /* MenuListViewModelTests.swift */ = {isa = PBXFileReference; lastKnownFileType = sourcecode.swift; path = MenuListViewModelTests.swift; sourceTree = "<group>"; };
		113C35742997CB45009D9010 /* MenuList+ViewModel.swift */ = {isa = PBXFileReference; lastKnownFileType = sourcecode.swift; path = "MenuList+ViewModel.swift"; sourceTree = "<group>"; };
		113C35772997D0C8009D9010 /* MenuFetching.swift */ = {isa = PBXFileReference; lastKnownFileType = sourcecode.swift; path = MenuFetching.swift; sourceTree = "<group>"; };
		113C357B2997D8D8009D9010 /* MenuFetchingStub.swift */ = {isa = PBXFileReference; lastKnownFileType = sourcecode.swift; path = MenuFetchingStub.swift; sourceTree = "<group>"; };
		113C357D2997DC9A009D9010 /* TestError.swift */ = {isa = PBXFileReference; lastKnownFileType = sourcecode.swift; path = TestError.swift; sourceTree = "<group>"; };
		113C357F2997E659009D9010 /* MenuItemTests.swift */ = {isa = PBXFileReference; lastKnownFileType = sourcecode.swift; path = MenuItemTests.swift; sourceTree = "<group>"; };
		113C35832997E8FA009D9010 /* MenuFetcherTests.swift */ = {isa = PBXFileReference; lastKnownFileType = sourcecode.swift; path = MenuFetcherTests.swift; sourceTree = "<group>"; };
		113C35852997E97C009D9010 /* MenuFetcher.swift */ = {isa = PBXFileReference; lastKnownFileType = sourcecode.swift; path = MenuFetcher.swift; sourceTree = "<group>"; };
		113C35882997EB8C009D9010 /* NetworkFetching.swift */ = {isa = PBXFileReference; lastKnownFileType = sourcecode.swift; path = NetworkFetching.swift; sourceTree = "<group>"; };
		113C358A2997EC00009D9010 /* URLSession+NetworkFetching.swift */ = {isa = PBXFileReference; lastKnownFileType = sourcecode.swift; path = "URLSession+NetworkFetching.swift"; sourceTree = "<group>"; };
		113C358D2997ECE6009D9010 /* NetworkFetchingStub.swift */ = {isa = PBXFileReference; lastKnownFileType = sourcecode.swift; path = NetworkFetchingStub.swift; sourceTree = "<group>"; };
		113C358F2998E4B6009D9010 /* Order.swift */ = {isa = PBXFileReference; lastKnownFileType = sourcecode.swift; path = Order.swift; sourceTree = "<group>"; };
		113C35922998E506009D9010 /* OrderController.swift */ = {isa = PBXFileReference; lastKnownFileType = sourcecode.swift; path = OrderController.swift; sourceTree = "<group>"; };
		116A2077299920CC00AF7394 /* MenuItemDetailTests.swift */ = {isa = PBXFileReference; lastKnownFileType = sourcecode.swift; path = MenuItemDetailTests.swift; sourceTree = "<group>"; };
		116A2079299924B800AF7394 /* OrderControllerTests.swift */ = {isa = PBXFileReference; lastKnownFileType = sourcecode.swift; path = OrderControllerTests.swift; sourceTree = "<group>"; };
		116A207B2999357900AF7394 /* MenuItemDetail.swift */ = {isa = PBXFileReference; lastKnownFileType = sourcecode.swift; path = MenuItemDetail.swift; sourceTree = "<group>"; };
		116A207D299935A300AF7394 /* MenuItemDetail+ViewModel.swift */ = {isa = PBXFileReference; lastKnownFileType = sourcecode.swift; path = "MenuItemDetail+ViewModel.swift"; sourceTree = "<group>"; };
/* End PBXFileReference section */

/* Begin PBXFrameworksBuildPhase section */
		113C352C29979519009D9010 /* Frameworks */ = {
			isa = PBXFrameworksBuildPhase;
			buildActionMask = 2147483647;
			files = (
			);
			runOnlyForDeploymentPostprocessing = 0;
		};
		113C353C2997951B009D9010 /* Frameworks */ = {
			isa = PBXFrameworksBuildPhase;
			buildActionMask = 2147483647;
			files = (
			);
			runOnlyForDeploymentPostprocessing = 0;
		};
/* End PBXFrameworksBuildPhase section */

/* Begin PBXGroup section */
		113C352629979519009D9010 = {
			isa = PBXGroup;
			children = (
				113C353129979519009D9010 /* TDD-In-Swift */,
				113C35422997951B009D9010 /* TDD-In-SwiftTests */,
				113C353029979519009D9010 /* Products */,
			);
			sourceTree = "<group>";
		};
		113C353029979519009D9010 /* Products */ = {
			isa = PBXGroup;
			children = (
				113C352F29979519009D9010 /* TDD-In-Swift.app */,
				113C353F2997951B009D9010 /* TDD-In-SwiftTests.xctest */,
			);
			name = Products;
			sourceTree = "<group>";
		};
		113C353129979519009D9010 /* TDD-In-Swift */ = {
			isa = PBXGroup;
			children = (
				113C35912998E4FA009D9010 /* Order */,
				113C35872997EB7C009D9010 /* Network */,
				113C35762997D0BD009D9010 /* Fetching */,
				113C356E2997C550009D9010 /* ViewModel */,
				113C356D2997C502009D9010 /* View */,
				113C356C2997C4E7009D9010 /* Model */,
				113C353229979519009D9010 /* TDD_In_SwiftApp.swift */,
				113C356029979F72009D9010 /* Collection+Safe.swift */,
				113C35362997951B009D9010 /* Assets.xcassets */,
				113C35382997951B009D9010 /* Preview Content */,
				11258DDE299A41F400391BDC /* Color+Custom.swift */,
			);
			path = "TDD-In-Swift";
			sourceTree = "<group>";
		};
		113C35382997951B009D9010 /* Preview Content */ = {
			isa = PBXGroup;
			children = (
				113C35392997951B009D9010 /* Preview Assets.xcassets */,
			);
			path = "Preview Content";
			sourceTree = "<group>";
		};
		113C35422997951B009D9010 /* TDD-In-SwiftTests */ = {
			isa = PBXGroup;
			children = (
				113C358C2997ECD7009D9010 /* Network */,
				113C35822997E870009D9010 /* Fetching */,
				113C35812997E85F009D9010 /* ViewModel */,
				113C35712997C927009D9010 /* Model */,
				113C35432997951B009D9010 /* MenuGroupingTests.swift */,
				116A2079299924B800AF7394 /* OrderControllerTests.swift */,
			);
			path = "TDD-In-SwiftTests";
			sourceTree = "<group>";
		};
		113C356C2997C4E7009D9010 /* Model */ = {
			isa = PBXGroup;
			children = (
				113C355E29979829009D9010 /* MenuSection.swift */,
				113C355C29979805009D9010 /* MenuItem.swift */,
				113C358F2998E4B6009D9010 /* Order.swift */,
			);
			path = Model;
			sourceTree = "<group>";
		};
		113C356D2997C502009D9010 /* View */ = {
			isa = PBXGroup;
			children = (
				113C35622997AAC3009D9010 /* MenuList.swift */,
				113C356A2997C4B9009D9010 /* MenuRow.swift */,
				116A207B2999357900AF7394 /* MenuItemDetail.swift */,
				11258DD8299A3F0D00391BDC /* OrderButton.swift */,
				11258DE0299A42A600391BDC /* OrderDetail.swift */,
			);
			path = View;
			sourceTree = "<group>";
		};
		113C356E2997C550009D9010 /* ViewModel */ = {
			isa = PBXGroup;
			children = (
				113C356F2997C561009D9010 /* MenuRow+ViewModel.swift */,
				113C35742997CB45009D9010 /* MenuList+ViewModel.swift */,
				116A207D299935A300AF7394 /* MenuItemDetail+ViewModel.swift */,
				11258DDA299A3F6100391BDC /* OrderButton+ViewModel.swift */,
				11258DE2299A42CF00391BDC /* OrderDetail+ViewModel.swift */,
			);
			path = ViewModel;
			sourceTree = "<group>";
		};
		113C35712997C927009D9010 /* Model */ = {
			isa = PBXGroup;
			children = (
				113C357F2997E659009D9010 /* MenuItemTests.swift */,
				113C35662997C2FA009D9010 /* MenuSection+Fixture.swift */,
				113C35642997BF31009D9010 /* MenuItem+Fixture.swift */,
				113C357D2997DC9A009D9010 /* TestError.swift */,
			);
			path = Model;
			sourceTree = "<group>";
		};
		113C35762997D0BD009D9010 /* Fetching */ = {
			isa = PBXGroup;
			children = (
				113C35772997D0C8009D9010 /* MenuFetching.swift */,
				113C35852997E97C009D9010 /* MenuFetcher.swift */,
			);
			path = Fetching;
			sourceTree = "<group>";
		};
		113C35812997E85F009D9010 /* ViewModel */ = {
			isa = PBXGroup;
			children = (
				113C35682997C3E9009D9010 /* MenuRowViewModelTests.swift */,
				113C35722997C950009D9010 /* MenuListViewModelTests.swift */,
				116A2077299920CC00AF7394 /* MenuItemDetailTests.swift */,
				11258DDC299A402500391BDC /* OrderButtonViewModelTests.swift */,
				11258DE4299A444700391BDC /* OrderDetailViewModelTests.swift */,
			);
			path = ViewModel;
			sourceTree = "<group>";
		};
		113C35822997E870009D9010 /* Fetching */ = {
			isa = PBXGroup;
			children = (
				113C357B2997D8D8009D9010 /* MenuFetchingStub.swift */,
				113C35832997E8FA009D9010 /* MenuFetcherTests.swift */,
			);
			path = Fetching;
			sourceTree = "<group>";
		};
		113C35872997EB7C009D9010 /* Network */ = {
			isa = PBXGroup;
			children = (
				113C35882997EB8C009D9010 /* NetworkFetching.swift */,
				113C358A2997EC00009D9010 /* URLSession+NetworkFetching.swift */,
			);
			path = Network;
			sourceTree = "<group>";
		};
		113C358C2997ECD7009D9010 /* Network */ = {
			isa = PBXGroup;
			children = (
				113C358D2997ECE6009D9010 /* NetworkFetchingStub.swift */,
			);
			path = Network;
			sourceTree = "<group>";
		};
		113C35912998E4FA009D9010 /* Order */ = {
			isa = PBXGroup;
			children = (
				113C35922998E506009D9010 /* OrderController.swift */,
			);
			path = Order;
			sourceTree = "<group>";
		};
/* End PBXGroup section */

/* Begin PBXNativeTarget section */
		113C352E29979519009D9010 /* TDD-In-Swift */ = {
			isa = PBXNativeTarget;
			buildConfigurationList = 113C35532997951B009D9010 /* Build configuration list for PBXNativeTarget "TDD-In-Swift" */;
			buildPhases = (
				113C352B29979519009D9010 /* Sources */,
				113C352C29979519009D9010 /* Frameworks */,
				113C352D29979519009D9010 /* Resources */,
			);
			buildRules = (
			);
			dependencies = (
			);
			name = "TDD-In-Swift";
			productName = "TDD-In-Swift";
			productReference = 113C352F29979519009D9010 /* TDD-In-Swift.app */;
			productType = "com.apple.product-type.application";
		};
		113C353E2997951B009D9010 /* TDD-In-SwiftTests */ = {
			isa = PBXNativeTarget;
			buildConfigurationList = 113C35562997951B009D9010 /* Build configuration list for PBXNativeTarget "TDD-In-SwiftTests" */;
			buildPhases = (
				113C353B2997951B009D9010 /* Sources */,
				113C353C2997951B009D9010 /* Frameworks */,
				113C353D2997951B009D9010 /* Resources */,
			);
			buildRules = (
			);
			dependencies = (
				113C35412997951B009D9010 /* PBXTargetDependency */,
			);
			name = "TDD-In-SwiftTests";
			productName = "TDD-In-SwiftTests";
			productReference = 113C353F2997951B009D9010 /* TDD-In-SwiftTests.xctest */;
			productType = "com.apple.product-type.bundle.unit-test";
		};
/* End PBXNativeTarget section */

/* Begin PBXProject section */
		113C352729979519009D9010 /* Project object */ = {
			isa = PBXProject;
			attributes = {
				BuildIndependentTargetsInParallel = 1;
				LastSwiftUpdateCheck = 1420;
				LastUpgradeCheck = 1420;
				TargetAttributes = {
					113C352E29979519009D9010 = {
						CreatedOnToolsVersion = 14.2;
					};
					113C353E2997951B009D9010 = {
						CreatedOnToolsVersion = 14.2;
						TestTargetID = 113C352E29979519009D9010;
					};
				};
			};
			buildConfigurationList = 113C352A29979519009D9010 /* Build configuration list for PBXProject "TDD-In-Swift" */;
			compatibilityVersion = "Xcode 14.0";
			developmentRegion = en;
			hasScannedForEncodings = 0;
			knownRegions = (
				en,
				Base,
			);
			mainGroup = 113C352629979519009D9010;
			productRefGroup = 113C353029979519009D9010 /* Products */;
			projectDirPath = "";
			projectRoot = "";
			targets = (
				113C352E29979519009D9010 /* TDD-In-Swift */,
				113C353E2997951B009D9010 /* TDD-In-SwiftTests */,
			);
		};
/* End PBXProject section */

/* Begin PBXResourcesBuildPhase section */
		113C352D29979519009D9010 /* Resources */ = {
			isa = PBXResourcesBuildPhase;
			buildActionMask = 2147483647;
			files = (
				113C353A2997951B009D9010 /* Preview Assets.xcassets in Resources */,
				113C35372997951B009D9010 /* Assets.xcassets in Resources */,
			);
			runOnlyForDeploymentPostprocessing = 0;
		};
		113C353D2997951B009D9010 /* Resources */ = {
			isa = PBXResourcesBuildPhase;
			buildActionMask = 2147483647;
			files = (
			);
			runOnlyForDeploymentPostprocessing = 0;
		};
/* End PBXResourcesBuildPhase section */

/* Begin PBXSourcesBuildPhase section */
		113C352B29979519009D9010 /* Sources */ = {
			isa = PBXSourcesBuildPhase;
			buildActionMask = 2147483647;
			files = (
				116A207C2999357900AF7394 /* MenuItemDetail.swift in Sources */,
				113C355D29979805009D9010 /* MenuItem.swift in Sources */,
				113C356B2997C4B9009D9010 /* MenuRow.swift in Sources */,
				113C355F29979829009D9010 /* MenuSection.swift in Sources */,
				113C35752997CB45009D9010 /* MenuList+ViewModel.swift in Sources */,
				11258DDB299A3F6100391BDC /* OrderButton+ViewModel.swift in Sources */,
				113C353329979519009D9010 /* TDD_In_SwiftApp.swift in Sources */,
				11258DDF299A41F400391BDC /* Color+Custom.swift in Sources */,
				11258DD9299A3F0D00391BDC /* OrderButton.swift in Sources */,
				113C35862997E97C009D9010 /* MenuFetcher.swift in Sources */,
				116A207E299935A300AF7394 /* MenuItemDetail+ViewModel.swift in Sources */,
				113C35932998E506009D9010 /* OrderController.swift in Sources */,
				113C358B2997EC00009D9010 /* URLSession+NetworkFetching.swift in Sources */,
				113C35632997AAC3009D9010 /* MenuList.swift in Sources */,
				113C35702997C561009D9010 /* MenuRow+ViewModel.swift in Sources */,
				11258DE1299A42A600391BDC /* OrderDetail.swift in Sources */,
				11258DE3299A42CF00391BDC /* OrderDetail+ViewModel.swift in Sources */,
				113C356129979F72009D9010 /* Collection+Safe.swift in Sources */,
				113C35902998E4B6009D9010 /* Order.swift in Sources */,
				113C35892997EB8C009D9010 /* NetworkFetching.swift in Sources */,
				113C35782997D0C8009D9010 /* MenuFetching.swift in Sources */,
			);
			runOnlyForDeploymentPostprocessing = 0;
		};
		113C353B2997951B009D9010 /* Sources */ = {
			isa = PBXSourcesBuildPhase;
			buildActionMask = 2147483647;
			files = (
				113C35442997951B009D9010 /* MenuGroupingTests.swift in Sources */,
				113C35672997C2FA009D9010 /* MenuSection+Fixture.swift in Sources */,
				11258DE5299A444700391BDC /* OrderDetailViewModelTests.swift in Sources */,
				113C358E2997ECE6009D9010 /* NetworkFetchingStub.swift in Sources */,
				11258DDD299A402500391BDC /* OrderButtonViewModelTests.swift in Sources */,
				116A2078299920CC00AF7394 /* MenuItemDetailTests.swift in Sources */,
				113C357C2997D8D8009D9010 /* MenuFetchingStub.swift in Sources */,
				113C35692997C3E9009D9010 /* MenuRowViewModelTests.swift in Sources */,
				113C35652997BF31009D9010 /* MenuItem+Fixture.swift in Sources */,
				113C35842997E8FA009D9010 /* MenuFetcherTests.swift in Sources */,
				116A207A299924B800AF7394 /* OrderControllerTests.swift in Sources */,
				113C35802997E659009D9010 /* MenuItemTests.swift in Sources */,
				113C357E2997DC9A009D9010 /* TestError.swift in Sources */,
				113C35732997C950009D9010 /* MenuListViewModelTests.swift in Sources */,
			);
			runOnlyForDeploymentPostprocessing = 0;
		};
/* End PBXSourcesBuildPhase section */

/* Begin PBXTargetDependency section */
		113C35412997951B009D9010 /* PBXTargetDependency */ = {
			isa = PBXTargetDependency;
			target = 113C352E29979519009D9010 /* TDD-In-Swift */;
			targetProxy = 113C35402997951B009D9010 /* PBXContainerItemProxy */;
		};
/* End PBXTargetDependency section */

/* Begin XCBuildConfiguration section */
		113C35512997951B009D9010 /* Debug */ = {
			isa = XCBuildConfiguration;
			buildSettings = {
				ALWAYS_SEARCH_USER_PATHS = NO;
				CLANG_ANALYZER_NONNULL = YES;
				CLANG_ANALYZER_NUMBER_OBJECT_CONVERSION = YES_AGGRESSIVE;
				CLANG_CXX_LANGUAGE_STANDARD = "gnu++20";
				CLANG_ENABLE_MODULES = YES;
				CLANG_ENABLE_OBJC_ARC = YES;
				CLANG_ENABLE_OBJC_WEAK = YES;
				CLANG_WARN_BLOCK_CAPTURE_AUTORELEASING = YES;
				CLANG_WARN_BOOL_CONVERSION = YES;
				CLANG_WARN_COMMA = YES;
				CLANG_WARN_CONSTANT_CONVERSION = YES;
				CLANG_WARN_DEPRECATED_OBJC_IMPLEMENTATIONS = YES;
				CLANG_WARN_DIRECT_OBJC_ISA_USAGE = YES_ERROR;
				CLANG_WARN_DOCUMENTATION_COMMENTS = YES;
				CLANG_WARN_EMPTY_BODY = YES;
				CLANG_WARN_ENUM_CONVERSION = YES;
				CLANG_WARN_INFINITE_RECURSION = YES;
				CLANG_WARN_INT_CONVERSION = YES;
				CLANG_WARN_NON_LITERAL_NULL_CONVERSION = YES;
				CLANG_WARN_OBJC_IMPLICIT_RETAIN_SELF = YES;
				CLANG_WARN_OBJC_LITERAL_CONVERSION = YES;
				CLANG_WARN_OBJC_ROOT_CLASS = YES_ERROR;
				CLANG_WARN_QUOTED_INCLUDE_IN_FRAMEWORK_HEADER = YES;
				CLANG_WARN_RANGE_LOOP_ANALYSIS = YES;
				CLANG_WARN_STRICT_PROTOTYPES = YES;
				CLANG_WARN_SUSPICIOUS_MOVE = YES;
				CLANG_WARN_UNGUARDED_AVAILABILITY = YES_AGGRESSIVE;
				CLANG_WARN_UNREACHABLE_CODE = YES;
				CLANG_WARN__DUPLICATE_METHOD_MATCH = YES;
				COPY_PHASE_STRIP = NO;
				DEBUG_INFORMATION_FORMAT = dwarf;
				ENABLE_STRICT_OBJC_MSGSEND = YES;
				ENABLE_TESTABILITY = YES;
				GCC_C_LANGUAGE_STANDARD = gnu11;
				GCC_DYNAMIC_NO_PIC = NO;
				GCC_NO_COMMON_BLOCKS = YES;
				GCC_OPTIMIZATION_LEVEL = 0;
				GCC_PREPROCESSOR_DEFINITIONS = (
					"DEBUG=1",
					"$(inherited)",
				);
				GCC_WARN_64_TO_32_BIT_CONVERSION = YES;
				GCC_WARN_ABOUT_RETURN_TYPE = YES_ERROR;
				GCC_WARN_UNDECLARED_SELECTOR = YES;
				GCC_WARN_UNINITIALIZED_AUTOS = YES_AGGRESSIVE;
				GCC_WARN_UNUSED_FUNCTION = YES;
				GCC_WARN_UNUSED_VARIABLE = YES;
				IPHONEOS_DEPLOYMENT_TARGET = 16.2;
				MTL_ENABLE_DEBUG_INFO = INCLUDE_SOURCE;
				MTL_FAST_MATH = YES;
				ONLY_ACTIVE_ARCH = YES;
				SDKROOT = iphoneos;
				SWIFT_ACTIVE_COMPILATION_CONDITIONS = DEBUG;
				SWIFT_OPTIMIZATION_LEVEL = "-Onone";
			};
			name = Debug;
		};
		113C35522997951B009D9010 /* Release */ = {
			isa = XCBuildConfiguration;
			buildSettings = {
				ALWAYS_SEARCH_USER_PATHS = NO;
				CLANG_ANALYZER_NONNULL = YES;
				CLANG_ANALYZER_NUMBER_OBJECT_CONVERSION = YES_AGGRESSIVE;
				CLANG_CXX_LANGUAGE_STANDARD = "gnu++20";
				CLANG_ENABLE_MODULES = YES;
				CLANG_ENABLE_OBJC_ARC = YES;
				CLANG_ENABLE_OBJC_WEAK = YES;
				CLANG_WARN_BLOCK_CAPTURE_AUTORELEASING = YES;
				CLANG_WARN_BOOL_CONVERSION = YES;
				CLANG_WARN_COMMA = YES;
				CLANG_WARN_CONSTANT_CONVERSION = YES;
				CLANG_WARN_DEPRECATED_OBJC_IMPLEMENTATIONS = YES;
				CLANG_WARN_DIRECT_OBJC_ISA_USAGE = YES_ERROR;
				CLANG_WARN_DOCUMENTATION_COMMENTS = YES;
				CLANG_WARN_EMPTY_BODY = YES;
				CLANG_WARN_ENUM_CONVERSION = YES;
				CLANG_WARN_INFINITE_RECURSION = YES;
				CLANG_WARN_INT_CONVERSION = YES;
				CLANG_WARN_NON_LITERAL_NULL_CONVERSION = YES;
				CLANG_WARN_OBJC_IMPLICIT_RETAIN_SELF = YES;
				CLANG_WARN_OBJC_LITERAL_CONVERSION = YES;
				CLANG_WARN_OBJC_ROOT_CLASS = YES_ERROR;
				CLANG_WARN_QUOTED_INCLUDE_IN_FRAMEWORK_HEADER = YES;
				CLANG_WARN_RANGE_LOOP_ANALYSIS = YES;
				CLANG_WARN_STRICT_PROTOTYPES = YES;
				CLANG_WARN_SUSPICIOUS_MOVE = YES;
				CLANG_WARN_UNGUARDED_AVAILABILITY = YES_AGGRESSIVE;
				CLANG_WARN_UNREACHABLE_CODE = YES;
				CLANG_WARN__DUPLICATE_METHOD_MATCH = YES;
				COPY_PHASE_STRIP = NO;
				DEBUG_INFORMATION_FORMAT = "dwarf-with-dsym";
				ENABLE_NS_ASSERTIONS = NO;
				ENABLE_STRICT_OBJC_MSGSEND = YES;
				GCC_C_LANGUAGE_STANDARD = gnu11;
				GCC_NO_COMMON_BLOCKS = YES;
				GCC_WARN_64_TO_32_BIT_CONVERSION = YES;
				GCC_WARN_ABOUT_RETURN_TYPE = YES_ERROR;
				GCC_WARN_UNDECLARED_SELECTOR = YES;
				GCC_WARN_UNINITIALIZED_AUTOS = YES_AGGRESSIVE;
				GCC_WARN_UNUSED_FUNCTION = YES;
				GCC_WARN_UNUSED_VARIABLE = YES;
				IPHONEOS_DEPLOYMENT_TARGET = 16.2;
				MTL_ENABLE_DEBUG_INFO = NO;
				MTL_FAST_MATH = YES;
				SDKROOT = iphoneos;
				SWIFT_COMPILATION_MODE = wholemodule;
				SWIFT_OPTIMIZATION_LEVEL = "-O";
				VALIDATE_PRODUCT = YES;
			};
			name = Release;
		};
		113C35542997951B009D9010 /* Debug */ = {
			isa = XCBuildConfiguration;
			buildSettings = {
				ASSETCATALOG_COMPILER_APPICON_NAME = AppIcon;
				ASSETCATALOG_COMPILER_GLOBAL_ACCENT_COLOR_NAME = AccentColor;
				CODE_SIGN_STYLE = Automatic;
				CURRENT_PROJECT_VERSION = 1;
				DEVELOPMENT_ASSET_PATHS = "\"TDD-In-Swift/Preview Content\"";
				ENABLE_PREVIEWS = YES;
				GENERATE_INFOPLIST_FILE = YES;
				INFOPLIST_KEY_UIApplicationSceneManifest_Generation = YES;
				INFOPLIST_KEY_UIApplicationSupportsIndirectInputEvents = YES;
				INFOPLIST_KEY_UILaunchScreen_Generation = YES;
				INFOPLIST_KEY_UISupportedInterfaceOrientations_iPad = "UIInterfaceOrientationPortrait UIInterfaceOrientationPortraitUpsideDown UIInterfaceOrientationLandscapeLeft UIInterfaceOrientationLandscapeRight";
				INFOPLIST_KEY_UISupportedInterfaceOrientations_iPhone = "UIInterfaceOrientationPortrait UIInterfaceOrientationLandscapeLeft UIInterfaceOrientationLandscapeRight";
				LD_RUNPATH_SEARCH_PATHS = (
					"$(inherited)",
					"@executable_path/Frameworks",
				);
				MARKETING_VERSION = 1.0;
				PRODUCT_BUNDLE_IDENTIFIER = "com.dig.TDD-In-Swift";
				PRODUCT_NAME = "$(TARGET_NAME)";
				SWIFT_EMIT_LOC_STRINGS = YES;
				SWIFT_VERSION = 5.0;
				TARGETED_DEVICE_FAMILY = "1,2";
			};
			name = Debug;
		};
		113C35552997951B009D9010 /* Release */ = {
			isa = XCBuildConfiguration;
			buildSettings = {
				ASSETCATALOG_COMPILER_APPICON_NAME = AppIcon;
				ASSETCATALOG_COMPILER_GLOBAL_ACCENT_COLOR_NAME = AccentColor;
				CODE_SIGN_STYLE = Automatic;
				CURRENT_PROJECT_VERSION = 1;
				DEVELOPMENT_ASSET_PATHS = "\"TDD-In-Swift/Preview Content\"";
				ENABLE_PREVIEWS = YES;
				GENERATE_INFOPLIST_FILE = YES;
				INFOPLIST_KEY_UIApplicationSceneManifest_Generation = YES;
				INFOPLIST_KEY_UIApplicationSupportsIndirectInputEvents = YES;
				INFOPLIST_KEY_UILaunchScreen_Generation = YES;
				INFOPLIST_KEY_UISupportedInterfaceOrientations_iPad = "UIInterfaceOrientationPortrait UIInterfaceOrientationPortraitUpsideDown UIInterfaceOrientationLandscapeLeft UIInterfaceOrientationLandscapeRight";
				INFOPLIST_KEY_UISupportedInterfaceOrientations_iPhone = "UIInterfaceOrientationPortrait UIInterfaceOrientationLandscapeLeft UIInterfaceOrientationLandscapeRight";
				LD_RUNPATH_SEARCH_PATHS = (
					"$(inherited)",
					"@executable_path/Frameworks",
				);
				MARKETING_VERSION = 1.0;
				PRODUCT_BUNDLE_IDENTIFIER = "com.dig.TDD-In-Swift";
				PRODUCT_NAME = "$(TARGET_NAME)";
				SWIFT_EMIT_LOC_STRINGS = YES;
				SWIFT_VERSION = 5.0;
				TARGETED_DEVICE_FAMILY = "1,2";
			};
			name = Release;
		};
		113C35572997951B009D9010 /* Debug */ = {
			isa = XCBuildConfiguration;
			buildSettings = {
				ALWAYS_EMBED_SWIFT_STANDARD_LIBRARIES = YES;
				BUNDLE_LOADER = "$(TEST_HOST)";
				CODE_SIGN_STYLE = Automatic;
				CURRENT_PROJECT_VERSION = 1;
				GENERATE_INFOPLIST_FILE = YES;
				IPHONEOS_DEPLOYMENT_TARGET = 16.2;
				MARKETING_VERSION = 1.0;
				PRODUCT_BUNDLE_IDENTIFIER = "com.dig.TDD-In-SwiftTests";
				PRODUCT_NAME = "$(TARGET_NAME)";
				SWIFT_EMIT_LOC_STRINGS = NO;
				SWIFT_VERSION = 5.0;
				TARGETED_DEVICE_FAMILY = "1,2";
				TEST_HOST = "$(BUILT_PRODUCTS_DIR)/TDD-In-Swift.app/$(BUNDLE_EXECUTABLE_FOLDER_PATH)/TDD-In-Swift";
			};
			name = Debug;
		};
		113C35582997951B009D9010 /* Release */ = {
			isa = XCBuildConfiguration;
			buildSettings = {
				ALWAYS_EMBED_SWIFT_STANDARD_LIBRARIES = YES;
				BUNDLE_LOADER = "$(TEST_HOST)";
				CODE_SIGN_STYLE = Automatic;
				CURRENT_PROJECT_VERSION = 1;
				GENERATE_INFOPLIST_FILE = YES;
				IPHONEOS_DEPLOYMENT_TARGET = 16.2;
				MARKETING_VERSION = 1.0;
				PRODUCT_BUNDLE_IDENTIFIER = "com.dig.TDD-In-SwiftTests";
				PRODUCT_NAME = "$(TARGET_NAME)";
				SWIFT_EMIT_LOC_STRINGS = NO;
				SWIFT_VERSION = 5.0;
				TARGETED_DEVICE_FAMILY = "1,2";
				TEST_HOST = "$(BUILT_PRODUCTS_DIR)/TDD-In-Swift.app/$(BUNDLE_EXECUTABLE_FOLDER_PATH)/TDD-In-Swift";
			};
			name = Release;
		};
/* End XCBuildConfiguration section */

/* Begin XCConfigurationList section */
		113C352A29979519009D9010 /* Build configuration list for PBXProject "TDD-In-Swift" */ = {
			isa = XCConfigurationList;
			buildConfigurations = (
				113C35512997951B009D9010 /* Debug */,
				113C35522997951B009D9010 /* Release */,
			);
			defaultConfigurationIsVisible = 0;
			defaultConfigurationName = Release;
		};
		113C35532997951B009D9010 /* Build configuration list for PBXNativeTarget "TDD-In-Swift" */ = {
			isa = XCConfigurationList;
			buildConfigurations = (
				113C35542997951B009D9010 /* Debug */,
				113C35552997951B009D9010 /* Release */,
			);
			defaultConfigurationIsVisible = 0;
			defaultConfigurationName = Release;
		};
		113C35562997951B009D9010 /* Build configuration list for PBXNativeTarget "TDD-In-SwiftTests" */ = {
			isa = XCConfigurationList;
			buildConfigurations = (
				113C35572997951B009D9010 /* Debug */,
				113C35582997951B009D9010 /* Release */,
			);
			defaultConfigurationIsVisible = 0;
			defaultConfigurationName = Release;
		};
/* End XCConfigurationList section */
	};
	rootObject = 113C352729979519009D9010 /* Project object */;
}
